// !$*UTF8*$!
{
	archiveVersion = 1;
	classes = {
	};
	objectVersion = 55;
	objects = {

/* Begin PBXBuildFile section */
		FAB9C6FA28CCC491001E3871 /* NewsApp.swift in Sources */ = {isa = PBXBuildFile; fileRef = FAB9C6F928CCC491001E3871 /* NewsApp.swift */; };
		FAB9C6FE28CCC494001E3871 /* Assets.xcassets in Resources */ = {isa = PBXBuildFile; fileRef = FAB9C6FD28CCC494001E3871 /* Assets.xcassets */; };
		FAB9C70128CCC494001E3871 /* Preview Assets.xcassets in Resources */ = {isa = PBXBuildFile; fileRef = FAB9C70028CCC494001E3871 /* Preview Assets.xcassets */; };
		FAB9C70C28CCC793001E3871 /* NewsListView.swift in Sources */ = {isa = PBXBuildFile; fileRef = FAB9C70B28CCC793001E3871 /* NewsListView.swift */; };
		FAB9C70E28CCC7AB001E3871 /* NewsDetail.swift in Sources */ = {isa = PBXBuildFile; fileRef = FAB9C70D28CCC7AB001E3871 /* NewsDetail.swift */; };
		FAB9C71328CCC8F6001E3871 /* NewsListItem.swift in Sources */ = {isa = PBXBuildFile; fileRef = FAB9C71228CCC8F6001E3871 /* NewsListItem.swift */; };
		FAB9C71728CCCD86001E3871 /* News.swift in Sources */ = {isa = PBXBuildFile; fileRef = FAB9C71628CCCD86001E3871 /* News.swift */; };
		FAB9C71928CCE5DB001E3871 /* NewsListViewModel.swift in Sources */ = {isa = PBXBuildFile; fileRef = FAB9C71828CCE5DB001E3871 /* NewsListViewModel.swift */; };
		FAB9C71B28CCEE8C001E3871 /* ApiResult.swift in Sources */ = {isa = PBXBuildFile; fileRef = FAB9C71A28CCEE8C001E3871 /* ApiResult.swift */; };
		FAD2155D28CDE20A0078175F /* NewsListViewModel_Test.swift in Sources */ = {isa = PBXBuildFile; fileRef = FAD2155C28CDE20A0078175F /* NewsListViewModel_Test.swift */; };
/* End PBXBuildFile section */

/* Begin PBXContainerItemProxy section */
		FAD2155728CDE1570078175F /* PBXContainerItemProxy */ = {
			isa = PBXContainerItemProxy;
			containerPortal = FAB9C6EE28CCC491001E3871 /* Project object */;
			proxyType = 1;
			remoteGlobalIDString = FAB9C6F528CCC491001E3871;
			remoteInfo = NewsApp;
		};
/* End PBXContainerItemProxy section */

/* Begin PBXFileReference section */
		FAB9C6F628CCC491001E3871 /* NewsApp.app */ = {isa = PBXFileReference; explicitFileType = wrapper.application; includeInIndex = 0; path = NewsApp.app; sourceTree = BUILT_PRODUCTS_DIR; };
		FAB9C6F928CCC491001E3871 /* NewsApp.swift */ = {isa = PBXFileReference; lastKnownFileType = sourcecode.swift; path = NewsApp.swift; sourceTree = "<group>"; };
		FAB9C6FD28CCC494001E3871 /* Assets.xcassets */ = {isa = PBXFileReference; lastKnownFileType = folder.assetcatalog; path = Assets.xcassets; sourceTree = "<group>"; };
		FAB9C70028CCC494001E3871 /* Preview Assets.xcassets */ = {isa = PBXFileReference; lastKnownFileType = folder.assetcatalog; path = "Preview Assets.xcassets"; sourceTree = "<group>"; };
		FAB9C70B28CCC793001E3871 /* NewsListView.swift */ = {isa = PBXFileReference; lastKnownFileType = sourcecode.swift; path = NewsListView.swift; sourceTree = "<group>"; };
		FAB9C70D28CCC7AB001E3871 /* NewsDetail.swift */ = {isa = PBXFileReference; lastKnownFileType = sourcecode.swift; path = NewsDetail.swift; sourceTree = "<group>"; };
		FAB9C71228CCC8F6001E3871 /* NewsListItem.swift */ = {isa = PBXFileReference; lastKnownFileType = sourcecode.swift; path = NewsListItem.swift; sourceTree = "<group>"; };
		FAB9C71628CCCD86001E3871 /* News.swift */ = {isa = PBXFileReference; lastKnownFileType = sourcecode.swift; path = News.swift; sourceTree = "<group>"; };
		FAB9C71828CCE5DB001E3871 /* NewsListViewModel.swift */ = {isa = PBXFileReference; lastKnownFileType = sourcecode.swift; path = NewsListViewModel.swift; sourceTree = "<group>"; };
		FAB9C71A28CCEE8C001E3871 /* ApiResult.swift */ = {isa = PBXFileReference; lastKnownFileType = sourcecode.swift; path = ApiResult.swift; sourceTree = "<group>"; };
		FAD2155328CDE1570078175F /* NewsAppTests.xctest */ = {isa = PBXFileReference; explicitFileType = wrapper.cfbundle; includeInIndex = 0; path = NewsAppTests.xctest; sourceTree = BUILT_PRODUCTS_DIR; };
		FAD2155C28CDE20A0078175F /* NewsListViewModel_Test.swift */ = {isa = PBXFileReference; lastKnownFileType = sourcecode.swift; path = NewsListViewModel_Test.swift; sourceTree = "<group>"; };
/* End PBXFileReference section */

/* Begin PBXFrameworksBuildPhase section */
		FAB9C6F328CCC491001E3871 /* Frameworks */ = {
			isa = PBXFrameworksBuildPhase;
			buildActionMask = 2147483647;
			files = (
			);
			runOnlyForDeploymentPostprocessing = 0;
		};
		FAD2155028CDE1570078175F /* Frameworks */ = {
			isa = PBXFrameworksBuildPhase;
			buildActionMask = 2147483647;
			files = (
			);
			runOnlyForDeploymentPostprocessing = 0;
		};
/* End PBXFrameworksBuildPhase section */

/* Begin PBXGroup section */
		FAB9C6ED28CCC491001E3871 = {
			isa = PBXGroup;
			children = (
				FAB9C6F828CCC491001E3871 /* NewsApp */,
				FAD2155428CDE1570078175F /* NewsAppTests */,
				FAB9C6F728CCC491001E3871 /* Products */,
			);
			sourceTree = "<group>";
		};
		FAB9C6F728CCC491001E3871 /* Products */ = {
			isa = PBXGroup;
			children = (
				FAB9C6F628CCC491001E3871 /* NewsApp.app */,
				FAD2155328CDE1570078175F /* NewsAppTests.xctest */,
			);
			name = Products;
			sourceTree = "<group>";
		};
		FAB9C6F828CCC491001E3871 /* NewsApp */ = {
			isa = PBXGroup;
			children = (
				FAB9C70F28CCC825001E3871 /* ViewModels */,
				FAB9C70828CCC743001E3871 /* Models */,
				FAB9C70728CCC738001E3871 /* Views */,
				FAB9C6F928CCC491001E3871 /* NewsApp.swift */,
				FAB9C6FD28CCC494001E3871 /* Assets.xcassets */,
				FAB9C6FF28CCC494001E3871 /* Preview Content */,
			);
			path = NewsApp;
			sourceTree = "<group>";
		};
		FAB9C6FF28CCC494001E3871 /* Preview Content */ = {
			isa = PBXGroup;
			children = (
				FAB9C70028CCC494001E3871 /* Preview Assets.xcassets */,
			);
			path = "Preview Content";
			sourceTree = "<group>";
		};
		FAB9C70728CCC738001E3871 /* Views */ = {
			isa = PBXGroup;
			children = (
				FAB9C70B28CCC793001E3871 /* NewsListView.swift */,
				FAB9C70D28CCC7AB001E3871 /* NewsDetail.swift */,
				FAB9C71228CCC8F6001E3871 /* NewsListItem.swift */,
			);
			path = Views;
			sourceTree = "<group>";
		};
		FAB9C70828CCC743001E3871 /* Models */ = {
			isa = PBXGroup;
			children = (
				FAB9C71628CCCD86001E3871 /* News.swift */,
				FAB9C71A28CCEE8C001E3871 /* ApiResult.swift */,
			);
			path = Models;
			sourceTree = "<group>";
		};
		FAB9C70F28CCC825001E3871 /* ViewModels */ = {
			isa = PBXGroup;
			children = (
				FAB9C71828CCE5DB001E3871 /* NewsListViewModel.swift */,
			);
			path = ViewModels;
			sourceTree = "<group>";
		};
		FAD2155428CDE1570078175F /* NewsAppTests */ = {
			isa = PBXGroup;
			children = (
				FAD2155C28CDE20A0078175F /* NewsListViewModel_Test.swift */,
			);
			path = NewsAppTests;
			sourceTree = "<group>";
		};
/* End PBXGroup section */

/* Begin PBXNativeTarget section */
		FAB9C6F528CCC491001E3871 /* NewsApp */ = {
			isa = PBXNativeTarget;
			buildConfigurationList = FAB9C70428CCC494001E3871 /* Build configuration list for PBXNativeTarget "NewsApp" */;
			buildPhases = (
				FAB9C6F228CCC491001E3871 /* Sources */,
				FAB9C6F328CCC491001E3871 /* Frameworks */,
				FAB9C6F428CCC491001E3871 /* Resources */,
			);
			buildRules = (
			);
			dependencies = (
			);
			name = NewsApp;
			productName = NewsApp;
			productReference = FAB9C6F628CCC491001E3871 /* NewsApp.app */;
			productType = "com.apple.product-type.application";
		};
		FAD2155228CDE1570078175F /* NewsAppTests */ = {
			isa = PBXNativeTarget;
			buildConfigurationList = FAD2155B28CDE1570078175F /* Build configuration list for PBXNativeTarget "NewsAppTests" */;
			buildPhases = (
				FAD2154F28CDE1570078175F /* Sources */,
				FAD2155028CDE1570078175F /* Frameworks */,
				FAD2155128CDE1570078175F /* Resources */,
			);
			buildRules = (
			);
			dependencies = (
				FAD2155828CDE1570078175F /* PBXTargetDependency */,
			);
			name = NewsAppTests;
			productName = NewsAppTests;
			productReference = FAD2155328CDE1570078175F /* NewsAppTests.xctest */;
			productType = "com.apple.product-type.bundle.unit-test";
		};
/* End PBXNativeTarget section */

/* Begin PBXProject section */
		FAB9C6EE28CCC491001E3871 /* Project object */ = {
			isa = PBXProject;
			attributes = {
				BuildIndependentTargetsInParallel = 1;
				LastSwiftUpdateCheck = 1340;
				LastUpgradeCheck = 1340;
				TargetAttributes = {
					FAB9C6F528CCC491001E3871 = {
						CreatedOnToolsVersion = 13.4.1;
					};
					FAD2155228CDE1570078175F = {
						CreatedOnToolsVersion = 13.4.1;
						TestTargetID = FAB9C6F528CCC491001E3871;
					};
				};
			};
			buildConfigurationList = FAB9C6F128CCC491001E3871 /* Build configuration list for PBXProject "NewsApp" */;
			compatibilityVersion = "Xcode 13.0";
			developmentRegion = en;
			hasScannedForEncodings = 0;
			knownRegions = (
				en,
				Base,
			);
			mainGroup = FAB9C6ED28CCC491001E3871;
			productRefGroup = FAB9C6F728CCC491001E3871 /* Products */;
			projectDirPath = "";
			projectRoot = "";
			targets = (
				FAB9C6F528CCC491001E3871 /* NewsApp */,
				FAD2155228CDE1570078175F /* NewsAppTests */,
			);
		};
/* End PBXProject section */

/* Begin PBXResourcesBuildPhase section */
		FAB9C6F428CCC491001E3871 /* Resources */ = {
			isa = PBXResourcesBuildPhase;
			buildActionMask = 2147483647;
			files = (
				FAB9C70128CCC494001E3871 /* Preview Assets.xcassets in Resources */,
				FAB9C6FE28CCC494001E3871 /* Assets.xcassets in Resources */,
			);
			runOnlyForDeploymentPostprocessing = 0;
		};
		FAD2155128CDE1570078175F /* Resources */ = {
			isa = PBXResourcesBuildPhase;
			buildActionMask = 2147483647;
			files = (
			);
			runOnlyForDeploymentPostprocessing = 0;
		};
/* End PBXResourcesBuildPhase section */

/* Begin PBXSourcesBuildPhase section */
		FAB9C6F228CCC491001E3871 /* Sources */ = {
			isa = PBXSourcesBuildPhase;
			buildActionMask = 2147483647;
			files = (
				FAB9C70C28CCC793001E3871 /* NewsListView.swift in Sources */,
				FAB9C70E28CCC7AB001E3871 /* NewsDetail.swift in Sources */,
				FAB9C6FA28CCC491001E3871 /* NewsApp.swift in Sources */,
				FAB9C71728CCCD86001E3871 /* News.swift in Sources */,
				FAB9C71B28CCEE8C001E3871 /* ApiResult.swift in Sources */,
				FAB9C71328CCC8F6001E3871 /* NewsListItem.swift in Sources */,
				FAB9C71928CCE5DB001E3871 /* NewsListViewModel.swift in Sources */,
			);
			runOnlyForDeploymentPostprocessing = 0;
		};
		FAD2154F28CDE1570078175F /* Sources */ = {
			isa = PBXSourcesBuildPhase;
			buildActionMask = 2147483647;
			files = (
				FAD2155D28CDE20A0078175F /* NewsListViewModel_Test.swift in Sources */,
			);
			runOnlyForDeploymentPostprocessing = 0;
		};
/* End PBXSourcesBuildPhase section */

/* Begin PBXTargetDependency section */
		FAD2155828CDE1570078175F /* PBXTargetDependency */ = {
			isa = PBXTargetDependency;
			target = FAB9C6F528CCC491001E3871 /* NewsApp */;
			targetProxy = FAD2155728CDE1570078175F /* PBXContainerItemProxy */;
		};
/* End PBXTargetDependency section */

/* Begin XCBuildConfiguration section */
		FAB9C70228CCC494001E3871 /* Debug */ = {
			isa = XCBuildConfiguration;
			buildSettings = {
				ALWAYS_SEARCH_USER_PATHS = NO;
				CLANG_ANALYZER_NONNULL = YES;
				CLANG_ANALYZER_NUMBER_OBJECT_CONVERSION = YES_AGGRESSIVE;
				CLANG_CXX_LANGUAGE_STANDARD = "gnu++17";
				CLANG_ENABLE_MODULES = YES;
				CLANG_ENABLE_OBJC_ARC = YES;
				CLANG_ENABLE_OBJC_WEAK = YES;
				CLANG_WARN_BLOCK_CAPTURE_AUTORELEASING = YES;
				CLANG_WARN_BOOL_CONVERSION = YES;
				CLANG_WARN_COMMA = YES;
				CLANG_WARN_CONSTANT_CONVERSION = YES;
				CLANG_WARN_DEPRECATED_OBJC_IMPLEMENTATIONS = YES;
				CLANG_WARN_DIRECT_OBJC_ISA_USAGE = YES_ERROR;
				CLANG_WARN_DOCUMENTATION_COMMENTS = YES;
				CLANG_WARN_EMPTY_BODY = YES;
				CLANG_WARN_ENUM_CONVERSION = YES;
				CLANG_WARN_INFINITE_RECURSION = YES;
				CLANG_WARN_INT_CONVERSION = YES;
				CLANG_WARN_NON_LITERAL_NULL_CONVERSION = YES;
				CLANG_WARN_OBJC_IMPLICIT_RETAIN_SELF = YES;
				CLANG_WARN_OBJC_LITERAL_CONVERSION = YES;
				CLANG_WARN_OBJC_ROOT_CLASS = YES_ERROR;
				CLANG_WARN_QUOTED_INCLUDE_IN_FRAMEWORK_HEADER = YES;
				CLANG_WARN_RANGE_LOOP_ANALYSIS = YES;
				CLANG_WARN_STRICT_PROTOTYPES = YES;
				CLANG_WARN_SUSPICIOUS_MOVE = YES;
				CLANG_WARN_UNGUARDED_AVAILABILITY = YES_AGGRESSIVE;
				CLANG_WARN_UNREACHABLE_CODE = YES;
				CLANG_WARN__DUPLICATE_METHOD_MATCH = YES;
				COPY_PHASE_STRIP = NO;
				DEBUG_INFORMATION_FORMAT = dwarf;
				ENABLE_STRICT_OBJC_MSGSEND = YES;
				ENABLE_TESTABILITY = YES;
				GCC_C_LANGUAGE_STANDARD = gnu11;
				GCC_DYNAMIC_NO_PIC = NO;
				GCC_NO_COMMON_BLOCKS = YES;
				GCC_OPTIMIZATION_LEVEL = 0;
				GCC_PREPROCESSOR_DEFINITIONS = (
					"DEBUG=1",
					"$(inherited)",
				);
				GCC_WARN_64_TO_32_BIT_CONVERSION = YES;
				GCC_WARN_ABOUT_RETURN_TYPE = YES_ERROR;
				GCC_WARN_UNDECLARED_SELECTOR = YES;
				GCC_WARN_UNINITIALIZED_AUTOS = YES_AGGRESSIVE;
				GCC_WARN_UNUSED_FUNCTION = YES;
				GCC_WARN_UNUSED_VARIABLE = YES;
				IPHONEOS_DEPLOYMENT_TARGET = 15.5;
				MTL_ENABLE_DEBUG_INFO = INCLUDE_SOURCE;
				MTL_FAST_MATH = YES;
				ONLY_ACTIVE_ARCH = YES;
				SDKROOT = iphoneos;
				SWIFT_ACTIVE_COMPILATION_CONDITIONS = DEBUG;
				SWIFT_OPTIMIZATION_LEVEL = "-Onone";
			};
			name = Debug;
		};
		FAB9C70328CCC494001E3871 /* Release */ = {
			isa = XCBuildConfiguration;
			buildSettings = {
				ALWAYS_SEARCH_USER_PATHS = NO;
				CLANG_ANALYZER_NONNULL = YES;
				CLANG_ANALYZER_NUMBER_OBJECT_CONVERSION = YES_AGGRESSIVE;
				CLANG_CXX_LANGUAGE_STANDARD = "gnu++17";
				CLANG_ENABLE_MODULES = YES;
				CLANG_ENABLE_OBJC_ARC = YES;
				CLANG_ENABLE_OBJC_WEAK = YES;
				CLANG_WARN_BLOCK_CAPTURE_AUTORELEASING = YES;
				CLANG_WARN_BOOL_CONVERSION = YES;
				CLANG_WARN_COMMA = YES;
				CLANG_WARN_CONSTANT_CONVERSION = YES;
				CLANG_WARN_DEPRECATED_OBJC_IMPLEMENTATIONS = YES;
				CLANG_WARN_DIRECT_OBJC_ISA_USAGE = YES_ERROR;
				CLANG_WARN_DOCUMENTATION_COMMENTS = YES;
				CLANG_WARN_EMPTY_BODY = YES;
				CLANG_WARN_ENUM_CONVERSION = YES;
				CLANG_WARN_INFINITE_RECURSION = YES;
				CLANG_WARN_INT_CONVERSION = YES;
				CLANG_WARN_NON_LITERAL_NULL_CONVERSION = YES;
				CLANG_WARN_OBJC_IMPLICIT_RETAIN_SELF = YES;
				CLANG_WARN_OBJC_LITERAL_CONVERSION = YES;
				CLANG_WARN_OBJC_ROOT_CLASS = YES_ERROR;
				CLANG_WARN_QUOTED_INCLUDE_IN_FRAMEWORK_HEADER = YES;
				CLANG_WARN_RANGE_LOOP_ANALYSIS = YES;
				CLANG_WARN_STRICT_PROTOTYPES = YES;
				CLANG_WARN_SUSPICIOUS_MOVE = YES;
				CLANG_WARN_UNGUARDED_AVAILABILITY = YES_AGGRESSIVE;
				CLANG_WARN_UNREACHABLE_CODE = YES;
				CLANG_WARN__DUPLICATE_METHOD_MATCH = YES;
				COPY_PHASE_STRIP = NO;
				DEBUG_INFORMATION_FORMAT = "dwarf-with-dsym";
				ENABLE_NS_ASSERTIONS = NO;
				ENABLE_STRICT_OBJC_MSGSEND = YES;
				GCC_C_LANGUAGE_STANDARD = gnu11;
				GCC_NO_COMMON_BLOCKS = YES;
				GCC_WARN_64_TO_32_BIT_CONVERSION = YES;
				GCC_WARN_ABOUT_RETURN_TYPE = YES_ERROR;
				GCC_WARN_UNDECLARED_SELECTOR = YES;
				GCC_WARN_UNINITIALIZED_AUTOS = YES_AGGRESSIVE;
				GCC_WARN_UNUSED_FUNCTION = YES;
				GCC_WARN_UNUSED_VARIABLE = YES;
				IPHONEOS_DEPLOYMENT_TARGET = 15.5;
				MTL_ENABLE_DEBUG_INFO = NO;
				MTL_FAST_MATH = YES;
				SDKROOT = iphoneos;
				SWIFT_COMPILATION_MODE = wholemodule;
				SWIFT_OPTIMIZATION_LEVEL = "-O";
				VALIDATE_PRODUCT = YES;
			};
			name = Release;
		};
		FAB9C70528CCC494001E3871 /* Debug */ = {
			isa = XCBuildConfiguration;
			buildSettings = {
				ASSETCATALOG_COMPILER_APPICON_NAME = AppIcon;
				ASSETCATALOG_COMPILER_GLOBAL_ACCENT_COLOR_NAME = AccentColor;
				CODE_SIGN_STYLE = Automatic;
				CURRENT_PROJECT_VERSION = 1;
				DEVELOPMENT_ASSET_PATHS = "\"NewsApp/Preview Content\"";
				DEVELOPMENT_TEAM = 5L5NB944JZ;
				ENABLE_PREVIEWS = YES;
				GENERATE_INFOPLIST_FILE = YES;
				INFOPLIST_KEY_UIApplicationSceneManifest_Generation = YES;
				INFOPLIST_KEY_UIApplicationSupportsIndirectInputEvents = YES;
				INFOPLIST_KEY_UILaunchScreen_Generation = YES;
				INFOPLIST_KEY_UISupportedInterfaceOrientations_iPad = "UIInterfaceOrientationPortrait UIInterfaceOrientationPortraitUpsideDown UIInterfaceOrientationLandscapeLeft UIInterfaceOrientationLandscapeRight";
				INFOPLIST_KEY_UISupportedInterfaceOrientations_iPhone = "UIInterfaceOrientationPortrait UIInterfaceOrientationLandscapeLeft UIInterfaceOrientationLandscapeRight";
				LD_RUNPATH_SEARCH_PATHS = (
					"$(inherited)",
					"@executable_path/Frameworks",
				);
				MARKETING_VERSION = 1.0;
				PRODUCT_BUNDLE_IDENTIFIER = fr.gregory.NewsApp;
				PRODUCT_NAME = "$(TARGET_NAME)";
				SWIFT_EMIT_LOC_STRINGS = YES;
				SWIFT_VERSION = 5.0;
				TARGETED_DEVICE_FAMILY = "1,2";
			};
			name = Debug;
		};
		FAB9C70628CCC494001E3871 /* Release */ = {
			isa = XCBuildConfiguration;
			buildSettings = {
				ASSETCATALOG_COMPILER_APPICON_NAME = AppIcon;
				ASSETCATALOG_COMPILER_GLOBAL_ACCENT_COLOR_NAME = AccentColor;
				CODE_SIGN_STYLE = Automatic;
				CURRENT_PROJECT_VERSION = 1;
				DEVELOPMENT_ASSET_PATHS = "\"NewsApp/Preview Content\"";
				DEVELOPMENT_TEAM = 5L5NB944JZ;
				ENABLE_PREVIEWS = YES;
				GENERATE_INFOPLIST_FILE = YES;
				INFOPLIST_KEY_UIApplicationSceneManifest_Generation = YES;
				INFOPLIST_KEY_UIApplicationSupportsIndirectInputEvents = YES;
				INFOPLIST_KEY_UILaunchScreen_Generation = YES;
				INFOPLIST_KEY_UISupportedInterfaceOrientations_iPad = "UIInterfaceOrientationPortrait UIInterfaceOrientationPortraitUpsideDown UIInterfaceOrientationLandscapeLeft UIInterfaceOrientationLandscapeRight";
				INFOPLIST_KEY_UISupportedInterfaceOrientations_iPhone = "UIInterfaceOrientationPortrait UIInterfaceOrientationLandscapeLeft UIInterfaceOrientationLandscapeRight";
				LD_RUNPATH_SEARCH_PATHS = (
					"$(inherited)",
					"@executable_path/Frameworks",
				);
				MARKETING_VERSION = 1.0;
				PRODUCT_BUNDLE_IDENTIFIER = fr.gregory.NewsApp;
				PRODUCT_NAME = "$(TARGET_NAME)";
				SWIFT_EMIT_LOC_STRINGS = YES;
				SWIFT_VERSION = 5.0;
				TARGETED_DEVICE_FAMILY = "1,2";
			};
			name = Release;
		};
		FAD2155928CDE1570078175F /* Debug */ = {
			isa = XCBuildConfiguration;
			buildSettings = {
				BUNDLE_LOADER = "$(TEST_HOST)";
				CODE_SIGN_STYLE = Automatic;
				CURRENT_PROJECT_VERSION = 1;
				DEVELOPMENT_TEAM = 5L5NB944JZ;
				GENERATE_INFOPLIST_FILE = YES;
				MARKETING_VERSION = 1.0;
				PRODUCT_BUNDLE_IDENTIFIER = fr.gregory.NewsAppTests;
				PRODUCT_NAME = "$(TARGET_NAME)";
				SWIFT_EMIT_LOC_STRINGS = NO;
				SWIFT_VERSION = 5.0;
				TARGETED_DEVICE_FAMILY = "1,2";
				TEST_HOST = "$(BUILT_PRODUCTS_DIR)/NewsApp.app/NewsApp";
			};
			name = Debug;
		};
		FAD2155A28CDE1570078175F /* Release */ = {
			isa = XCBuildConfiguration;
			buildSettings = {
				BUNDLE_LOADER = "$(TEST_HOST)";
				CODE_SIGN_STYLE = Automatic;
				CURRENT_PROJECT_VERSION = 1;
				DEVELOPMENT_TEAM = 5L5NB944JZ;
				GENERATE_INFOPLIST_FILE = YES;
				MARKETING_VERSION = 1.0;
				PRODUCT_BUNDLE_IDENTIFIER = fr.gregory.NewsAppTests;
				PRODUCT_NAME = "$(TARGET_NAME)";
				SWIFT_EMIT_LOC_STRINGS = NO;
				SWIFT_VERSION = 5.0;
				TARGETED_DEVICE_FAMILY = "1,2";
				TEST_HOST = "$(BUILT_PRODUCTS_DIR)/NewsApp.app/NewsApp";
			};
			name = Release;
		};
/* End XCBuildConfiguration section */

/* Begin XCConfigurationList section */
		FAB9C6F128CCC491001E3871 /* Build configuration list for PBXProject "NewsApp" */ = {
			isa = XCConfigurationList;
			buildConfigurations = (
				FAB9C70228CCC494001E3871 /* Debug */,
				FAB9C70328CCC494001E3871 /* Release */,
			);
			defaultConfigurationIsVisible = 0;
			defaultConfigurationName = Release;
		};
		FAB9C70428CCC494001E3871 /* Build configuration list for PBXNativeTarget "NewsApp" */ = {
			isa = XCConfigurationList;
			buildConfigurations = (
				FAB9C70528CCC494001E3871 /* Debug */,
				FAB9C70628CCC494001E3871 /* Release */,
			);
			defaultConfigurationIsVisible = 0;
			defaultConfigurationName = Release;
		};
		FAD2155B28CDE1570078175F /* Build configuration list for PBXNativeTarget "NewsAppTests" */ = {
			isa = XCConfigurationList;
			buildConfigurations = (
				FAD2155928CDE1570078175F /* Debug */,
				FAD2155A28CDE1570078175F /* Release */,
			);
			defaultConfigurationIsVisible = 0;
			defaultConfigurationName = Release;
		};
/* End XCConfigurationList section */
	};
	rootObject = FAB9C6EE28CCC491001E3871 /* Project object */;
}
